
Microsoft Visual Studio Solution File, Format Version 12.00
# Visual Studio Version 17
VisualStudioVersion = 17.13.35931.197 d17.13
MinimumVisualStudioVersion = 10.0.40219.1
Project("{FAE04EC0-301F-11D3-BF4B-00C04F79EFBC}") = "API", "API\API.csproj", "{A8D796DA-F6DD-4134-86EE-F8DF3EDC890B}"
EndProject
Project("{FAE04EC0-301F-11D3-BF4B-00C04F79EFBC}") = "DAL", "DAL\DAL.csproj", "{B727ABA1-2183-42B8-B32A-BF05C38FC426}"
EndProject
Project("{FAE04EC0-301F-11D3-BF4B-00C04F79EFBC}") = "BL", "BL\BL.csproj", "{76C8B6B1-BEB5-483A-9A3F-27C140A469DD}"
EndProject
Global
	GlobalSection(SolutionConfigurationPlatforms) = preSolution
		Debug|Any CPU = Debug|Any CPU
		Release|Any CPU = Release|Any CPU
	EndGlobalSection
	GlobalSection(ProjectConfigurationPlatforms) = postSolution
		{A8D796DA-F6DD-4134-86EE-F8DF3EDC890B}.Debug|Any CPU.ActiveCfg = Debug|Any CPU
		{A8D796DA-F6DD-4134-86EE-F8DF3EDC890B}.Debug|Any CPU.Build.0 = Debug|Any CPU
		{A8D796DA-F6DD-4134-86EE-F8DF3EDC890B}.Release|Any CPU.ActiveCfg = Release|Any CPU
		{A8D796DA-F6DD-4134-86EE-F8DF3EDC890B}.Release|Any CPU.Build.0 = Release|Any CPU
		{B727ABA1-2183-42B8-B32A-BF05C38FC426}.Debug|Any CPU.ActiveCfg = Debug|Any CPU
		{B727ABA1-2183-42B8-B32A-BF05C38FC426}.Debug|Any CPU.Build.0 = Debug|Any CPU
		{B727ABA1-2183-42B8-B32A-BF05C38FC426}.Release|Any CPU.ActiveCfg = Release|Any CPU
		{B727ABA1-2183-42B8-B32A-BF05C38FC426}.Release|Any CPU.Build.0 = Release|Any CPU
		{76C8B6B1-BEB5-483A-9A3F-27C140A469DD}.Debug|Any CPU.ActiveCfg = Debug|Any CPU
		{76C8B6B1-BEB5-483A-9A3F-27C140A469DD}.Debug|Any CPU.Build.0 = Debug|Any CPU
		{76C8B6B1-BEB5-483A-9A3F-27C140A469DD}.Release|Any CPU.ActiveCfg = Release|Any CPU
		{76C8B6B1-BEB5-483A-9A3F-27C140A469DD}.Release|Any CPU.Build.0 = Release|Any CPU
	EndGlobalSection
	GlobalSection(SolutionProperties) = preSolution
		HideSolutionNode = FALSE
	EndGlobalSection
	GlobalSection(ExtensibilityGlobals) = postSolution
		SolutionGuid = {546E2460-F6CF-437D-ABE4-61EA29AE67AF}
	EndGlobalSection
EndGlobal
